
Microsoft Visual Studio Solution File, Format Version 12.00
# Visual Studio Version 17
VisualStudioVersion = 17.12.35514.174 d17.12
MinimumVisualStudioVersion = 10.0.40219.1
Project("{FAE04EC0-301F-11D3-BF4B-00C04F79EFBC}") = "HelloWorld", "HelloWorld\HelloWorld.csproj", "{74C7571A-8F97-4D5D-B81D-971E5B33732F}"
EndProject
Project("{FAE04EC0-301F-11D3-BF4B-00C04F79EFBC}") = "HelloWorld2", "HelloWorld2\HelloWorld2.csproj", "{265B8F38-81A6-4041-8ADA-B864B877C985}"
EndProject
Project("{FAE04EC0-301F-11D3-BF4B-00C04F79EFBC}") = "IntroLab", "IntroLab\IntroLab.csproj", "{BBE605C0-36EA-4760-B38A-304D6456B487}"
EndProject
Global
	GlobalSection(SolutionConfigurationPlatforms) = preSolution
		Debug|Any CPU = Debug|Any CPU
		Release|Any CPU = Release|Any CPU
	EndGlobalSection
	GlobalSection(ProjectConfigurationPlatforms) = postSolution
		{74C7571A-8F97-4D5D-B81D-971E5B33732F}.Debug|Any CPU.ActiveCfg = Debug|Any CPU
		{74C7571A-8F97-4D5D-B81D-971E5B33732F}.Debug|Any CPU.Build.0 = Debug|Any CPU
		{74C7571A-8F97-4D5D-B81D-971E5B33732F}.Release|Any CPU.ActiveCfg = Release|Any CPU
		{74C7571A-8F97-4D5D-B81D-971E5B33732F}.Release|Any CPU.Build.0 = Release|Any CPU
		{265B8F38-81A6-4041-8ADA-B864B877C985}.Debug|Any CPU.ActiveCfg = Debug|Any CPU
		{265B8F38-81A6-4041-8ADA-B864B877C985}.Debug|Any CPU.Build.0 = Debug|Any CPU
		{265B8F38-81A6-4041-8ADA-B864B877C985}.Release|Any CPU.ActiveCfg = Release|Any CPU
		{265B8F38-81A6-4041-8ADA-B864B877C985}.Release|Any CPU.Build.0 = Release|Any CPU
		{BBE605C0-36EA-4760-B38A-304D6456B487}.Debug|Any CPU.ActiveCfg = Debug|Any CPU
		{BBE605C0-36EA-4760-B38A-304D6456B487}.Debug|Any CPU.Build.0 = Debug|Any CPU
		{BBE605C0-36EA-4760-B38A-304D6456B487}.Release|Any CPU.ActiveCfg = Release|Any CPU
		{BBE605C0-36EA-4760-B38A-304D6456B487}.Release|Any CPU.Build.0 = Release|Any CPU
	EndGlobalSection
	GlobalSection(SolutionProperties) = preSolution
		HideSolutionNode = FALSE
	EndGlobalSection
EndGlobal
